// !$*UTF8*$!
{
	archiveVersion = 1;
	classes = {
	};
	objectVersion = 50;
	objects = {

/* Begin PBXBuildFile section */
		9BC2AF1E21C7709900A13946 /* AppDelegate.m in Sources */ = {isa = PBXBuildFile; fileRef = 9BC2AF1D21C7709900A13946 /* AppDelegate.m */; };
		9BC2AF2121C7709900A13946 /* ViewController.m in Sources */ = {isa = PBXBuildFile; fileRef = 9BC2AF2021C7709900A13946 /* ViewController.m */; };
		9BC2AF2421C7709900A13946 /* Main.storyboard in Resources */ = {isa = PBXBuildFile; fileRef = 9BC2AF2221C7709900A13946 /* Main.storyboard */; };
		9BC2AF2621C7709B00A13946 /* Assets.xcassets in Resources */ = {isa = PBXBuildFile; fileRef = 9BC2AF2521C7709B00A13946 /* Assets.xcassets */; };
		9BC2AF2921C7709B00A13946 /* LaunchScreen.storyboard in Resources */ = {isa = PBXBuildFile; fileRef = 9BC2AF2721C7709B00A13946 /* LaunchScreen.storyboard */; };
		9BC2AF2C21C7709C00A13946 /* main.m in Sources */ = {isa = PBXBuildFile; fileRef = 9BC2AF2B21C7709C00A13946 /* main.m */; };
		9BC2AF3321C776FD00A13946 /* libsqlite3.0.tbd in Frameworks */ = {isa = PBXBuildFile; fileRef = 9BC2AF3221C776FD00A13946 /* libsqlite3.0.tbd */; };
		9BC2AF3621C7787A00A13946 /* XZDBManager.m in Sources */ = {isa = PBXBuildFile; fileRef = 9BC2AF3521C7787A00A13946 /* XZDBManager.m */; };
		9BC2AF3921C7815900A13946 /* Student.m in Sources */ = {isa = PBXBuildFile; fileRef = 9BC2AF3821C7815900A13946 /* Student.m */; };
		F827E4AC9D275D4C2AD29120 /* libPods-XZDataBase.a in Frameworks */ = {isa = PBXBuildFile; fileRef = 9D563823E19342B86C9A0E64 /* libPods-XZDataBase.a */; };
/* End PBXBuildFile section */

/* Begin PBXFileReference section */
		93DBA8C3A869A4966585A2F8 /* Pods-XZDataBase.debug.xcconfig */ = {isa = PBXFileReference; includeInIndex = 1; lastKnownFileType = text.xcconfig; name = "Pods-XZDataBase.debug.xcconfig"; path = "Pods/Target Support Files/Pods-XZDataBase/Pods-XZDataBase.debug.xcconfig"; sourceTree = "<group>"; };
		9BC2AF1921C7709900A13946 /* XZDataBase.app */ = {isa = PBXFileReference; explicitFileType = wrapper.application; includeInIndex = 0; path = XZDataBase.app; sourceTree = BUILT_PRODUCTS_DIR; };
		9BC2AF1C21C7709900A13946 /* AppDelegate.h */ = {isa = PBXFileReference; lastKnownFileType = sourcecode.c.h; path = AppDelegate.h; sourceTree = "<group>"; };
		9BC2AF1D21C7709900A13946 /* AppDelegate.m */ = {isa = PBXFileReference; lastKnownFileType = sourcecode.c.objc; path = AppDelegate.m; sourceTree = "<group>"; };
		9BC2AF1F21C7709900A13946 /* ViewController.h */ = {isa = PBXFileReference; lastKnownFileType = sourcecode.c.h; path = ViewController.h; sourceTree = "<group>"; };
		9BC2AF2021C7709900A13946 /* ViewController.m */ = {isa = PBXFileReference; lastKnownFileType = sourcecode.c.objc; path = ViewController.m; sourceTree = "<group>"; };
		9BC2AF2321C7709900A13946 /* Base */ = {isa = PBXFileReference; lastKnownFileType = file.storyboard; name = Base; path = Base.lproj/Main.storyboard; sourceTree = "<group>"; };
		9BC2AF2521C7709B00A13946 /* Assets.xcassets */ = {isa = PBXFileReference; lastKnownFileType = folder.assetcatalog; path = Assets.xcassets; sourceTree = "<group>"; };
		9BC2AF2821C7709B00A13946 /* Base */ = {isa = PBXFileReference; lastKnownFileType = file.storyboard; name = Base; path = Base.lproj/LaunchScreen.storyboard; sourceTree = "<group>"; };
		9BC2AF2A21C7709C00A13946 /* Info.plist */ = {isa = PBXFileReference; lastKnownFileType = text.plist.xml; path = Info.plist; sourceTree = "<group>"; };
		9BC2AF2B21C7709C00A13946 /* main.m */ = {isa = PBXFileReference; lastKnownFileType = sourcecode.c.objc; path = main.m; sourceTree = "<group>"; };
		9BC2AF3221C776FD00A13946 /* libsqlite3.0.tbd */ = {isa = PBXFileReference; lastKnownFileType = "sourcecode.text-based-dylib-definition"; name = libsqlite3.0.tbd; path = usr/lib/libsqlite3.0.tbd; sourceTree = SDKROOT; };
		9BC2AF3421C7787A00A13946 /* XZDBManager.h */ = {isa = PBXFileReference; lastKnownFileType = sourcecode.c.h; path = XZDBManager.h; sourceTree = "<group>"; };
		9BC2AF3521C7787A00A13946 /* XZDBManager.m */ = {isa = PBXFileReference; lastKnownFileType = sourcecode.c.objc; path = XZDBManager.m; sourceTree = "<group>"; };
		9BC2AF3721C7815900A13946 /* Student.h */ = {isa = PBXFileReference; lastKnownFileType = sourcecode.c.h; path = Student.h; sourceTree = "<group>"; };
		9BC2AF3821C7815900A13946 /* Student.m */ = {isa = PBXFileReference; lastKnownFileType = sourcecode.c.objc; path = Student.m; sourceTree = "<group>"; };
		9D563823E19342B86C9A0E64 /* libPods-XZDataBase.a */ = {isa = PBXFileReference; explicitFileType = archive.ar; includeInIndex = 0; path = "libPods-XZDataBase.a"; sourceTree = BUILT_PRODUCTS_DIR; };
		C40C5DF12E012DC23A6ED402 /* Pods-XZDataBase.release.xcconfig */ = {isa = PBXFileReference; includeInIndex = 1; lastKnownFileType = text.xcconfig; name = "Pods-XZDataBase.release.xcconfig"; path = "Pods/Target Support Files/Pods-XZDataBase/Pods-XZDataBase.release.xcconfig"; sourceTree = "<group>"; };
/* End PBXFileReference section */

/* Begin PBXFrameworksBuildPhase section */
		9BC2AF1621C7709900A13946 /* Frameworks */ = {
			isa = PBXFrameworksBuildPhase;
			buildActionMask = 2147483647;
			files = (
				9BC2AF3321C776FD00A13946 /* libsqlite3.0.tbd in Frameworks */,
				F827E4AC9D275D4C2AD29120 /* libPods-XZDataBase.a in Frameworks */,
			);
			runOnlyForDeploymentPostprocessing = 0;
		};
/* End PBXFrameworksBuildPhase section */

/* Begin PBXGroup section */
		7C8CA0D8143FA8A7EBC3AE1D /* Frameworks */ = {
			isa = PBXGroup;
			children = (
				9BC2AF3221C776FD00A13946 /* libsqlite3.0.tbd */,
				9D563823E19342B86C9A0E64 /* libPods-XZDataBase.a */,
			);
			name = Frameworks;
			sourceTree = "<group>";
		};
		9BC2AF1021C7709900A13946 = {
			isa = PBXGroup;
			children = (
				9BC2AF1B21C7709900A13946 /* XZDataBase */,
				9BC2AF1A21C7709900A13946 /* Products */,
				D6122B479CC7DBBF7E381B96 /* Pods */,
				7C8CA0D8143FA8A7EBC3AE1D /* Frameworks */,
			);
			sourceTree = "<group>";
		};
		9BC2AF1A21C7709900A13946 /* Products */ = {
			isa = PBXGroup;
			children = (
				9BC2AF1921C7709900A13946 /* XZDataBase.app */,
			);
			name = Products;
			sourceTree = "<group>";
		};
		9BC2AF1B21C7709900A13946 /* XZDataBase */ = {
			isa = PBXGroup;
			children = (
				9BC2AF1C21C7709900A13946 /* AppDelegate.h */,
				9BC2AF1D21C7709900A13946 /* AppDelegate.m */,
				9BC2AF1F21C7709900A13946 /* ViewController.h */,
				9BC2AF2021C7709900A13946 /* ViewController.m */,
				9BC2AF3421C7787A00A13946 /* XZDBManager.h */,
				9BC2AF3521C7787A00A13946 /* XZDBManager.m */,
				9BC2AF3721C7815900A13946 /* Student.h */,
				9BC2AF3821C7815900A13946 /* Student.m */,
				9BC2AF2221C7709900A13946 /* Main.storyboard */,
				9BC2AF2521C7709B00A13946 /* Assets.xcassets */,
				9BC2AF2721C7709B00A13946 /* LaunchScreen.storyboard */,
				9BC2AF2A21C7709C00A13946 /* Info.plist */,
				9BC2AF2B21C7709C00A13946 /* main.m */,
			);
			path = XZDataBase;
			sourceTree = "<group>";
		};
		D6122B479CC7DBBF7E381B96 /* Pods */ = {
			isa = PBXGroup;
			children = (
				93DBA8C3A869A4966585A2F8 /* Pods-XZDataBase.debug.xcconfig */,
				C40C5DF12E012DC23A6ED402 /* Pods-XZDataBase.release.xcconfig */,
			);
			name = Pods;
			sourceTree = "<group>";
		};
/* End PBXGroup section */

/* Begin PBXNativeTarget section */
		9BC2AF1821C7709900A13946 /* XZDataBase */ = {
			isa = PBXNativeTarget;
			buildConfigurationList = 9BC2AF2F21C7709C00A13946 /* Build configuration list for PBXNativeTarget "XZDataBase" */;
			buildPhases = (
				77AC2910631AF668A2AFD04F /* [CP] Check Pods Manifest.lock */,
				9BC2AF1521C7709900A13946 /* Sources */,
				9BC2AF1621C7709900A13946 /* Frameworks */,
				9BC2AF1721C7709900A13946 /* Resources */,
			);
			buildRules = (
			);
			dependencies = (
			);
			name = XZDataBase;
			productName = XZDataBase;
			productReference = 9BC2AF1921C7709900A13946 /* XZDataBase.app */;
			productType = "com.apple.product-type.application";
		};
/* End PBXNativeTarget section */

/* Begin PBXProject section */
		9BC2AF1121C7709900A13946 /* Project object */ = {
			isa = PBXProject;
			attributes = {
				LastUpgradeCheck = 1010;
				ORGANIZATIONNAME = kkxz;
				TargetAttributes = {
					9BC2AF1821C7709900A13946 = {
						CreatedOnToolsVersion = 10.1;
					};
				};
			};
			buildConfigurationList = 9BC2AF1421C7709900A13946 /* Build configuration list for PBXProject "XZDataBase" */;
			compatibilityVersion = "Xcode 9.3";
			developmentRegion = en;
			hasScannedForEncodings = 0;
			knownRegions = (
				en,
				Base,
			);
			mainGroup = 9BC2AF1021C7709900A13946;
			productRefGroup = 9BC2AF1A21C7709900A13946 /* Products */;
			projectDirPath = "";
			projectRoot = "";
			targets = (
				9BC2AF1821C7709900A13946 /* XZDataBase */,
			);
		};
/* End PBXProject section */

/* Begin PBXResourcesBuildPhase section */
		9BC2AF1721C7709900A13946 /* Resources */ = {
			isa = PBXResourcesBuildPhase;
			buildActionMask = 2147483647;
			files = (
				9BC2AF2921C7709B00A13946 /* LaunchScreen.storyboard in Resources */,
				9BC2AF2621C7709B00A13946 /* Assets.xcassets in Resources */,
				9BC2AF2421C7709900A13946 /* Main.storyboard in Resources */,
			);
			runOnlyForDeploymentPostprocessing = 0;
		};
/* End PBXResourcesBuildPhase section */

/* Begin PBXShellScriptBuildPhase section */
		77AC2910631AF668A2AFD04F /* [CP] Check Pods Manifest.lock */ = {
			isa = PBXShellScriptBuildPhase;
			buildActionMask = 2147483647;
			files = (
			);
			inputFileListPaths = (
			);
			inputPaths = (
				"${PODS_PODFILE_DIR_PATH}/Podfile.lock",
				"${PODS_ROOT}/Manifest.lock",
			);
			name = "[CP] Check Pods Manifest.lock";
			outputFileListPaths = (
			);
			outputPaths = (
				"$(DERIVED_FILE_DIR)/Pods-XZDataBase-checkManifestLockResult.txt",
			);
			runOnlyForDeploymentPostprocessing = 0;
			shellPath = /bin/sh;
			shellScript = "diff \"${PODS_PODFILE_DIR_PATH}/Podfile.lock\" \"${PODS_ROOT}/Manifest.lock\" > /dev/null\nif [ $? != 0 ] ; then\n    # print error to STDERR\n    echo \"error: The sandbox is not in sync with the Podfile.lock. Run 'pod install' or update your CocoaPods installation.\" >&2\n    exit 1\nfi\n# This output is used by Xcode 'outputs' to avoid re-running this script phase.\necho \"SUCCESS\" > \"${SCRIPT_OUTPUT_FILE_0}\"\n";
			showEnvVarsInLog = 0;
		};
/* End PBXShellScriptBuildPhase section */

/* Begin PBXSourcesBuildPhase section */
		9BC2AF1521C7709900A13946 /* Sources */ = {
			isa = PBXSourcesBuildPhase;
			buildActionMask = 2147483647;
			files = (
				9BC2AF2121C7709900A13946 /* ViewController.m in Sources */,
				9BC2AF2C21C7709C00A13946 /* main.m in Sources */,
				9BC2AF3921C7815900A13946 /* Student.m in Sources */,
				9BC2AF1E21C7709900A13946 /* AppDelegate.m in Sources */,
				9BC2AF3621C7787A00A13946 /* XZDBManager.m in Sources */,
			);
			runOnlyForDeploymentPostprocessing = 0;
		};
/* End PBXSourcesBuildPhase section */

/* Begin PBXVariantGroup section */
		9BC2AF2221C7709900A13946 /* Main.storyboard */ = {
			isa = PBXVariantGroup;
			children = (
				9BC2AF2321C7709900A13946 /* Base */,
			);
			name = Main.storyboard;
			sourceTree = "<group>";
		};
		9BC2AF2721C7709B00A13946 /* LaunchScreen.storyboard */ = {
			isa = PBXVariantGroup;
			children = (
				9BC2AF2821C7709B00A13946 /* Base */,
			);
			name = LaunchScreen.storyboard;
			sourceTree = "<group>";
		};
/* End PBXVariantGroup section */

/* Begin XCBuildConfiguration section */
		9BC2AF2D21C7709C00A13946 /* Debug */ = {
			isa = XCBuildConfiguration;
			buildSettings = {
				ALWAYS_SEARCH_USER_PATHS = NO;
				CLANG_ANALYZER_NONNULL = YES;
				CLANG_ANALYZER_NUMBER_OBJECT_CONVERSION = YES_AGGRESSIVE;
				CLANG_CXX_LANGUAGE_STANDARD = "gnu++14";
				CLANG_CXX_LIBRARY = "libc++";
				CLANG_ENABLE_MODULES = YES;
				CLANG_ENABLE_OBJC_ARC = YES;
				CLANG_ENABLE_OBJC_WEAK = YES;
				CLANG_WARN_BLOCK_CAPTURE_AUTORELEASING = YES;
				CLANG_WARN_BOOL_CONVERSION = YES;
				CLANG_WARN_COMMA = YES;
				CLANG_WARN_CONSTANT_CONVERSION = YES;
				CLANG_WARN_DEPRECATED_OBJC_IMPLEMENTATIONS = YES;
				CLANG_WARN_DIRECT_OBJC_ISA_USAGE = YES_ERROR;
				CLANG_WARN_DOCUMENTATION_COMMENTS = YES;
				CLANG_WARN_EMPTY_BODY = YES;
				CLANG_WARN_ENUM_CONVERSION = YES;
				CLANG_WARN_INFINITE_RECURSION = YES;
				CLANG_WARN_INT_CONVERSION = YES;
				CLANG_WARN_NON_LITERAL_NULL_CONVERSION = YES;
				CLANG_WARN_OBJC_IMPLICIT_RETAIN_SELF = YES;
				CLANG_WARN_OBJC_LITERAL_CONVERSION = YES;
				CLANG_WARN_OBJC_ROOT_CLASS = YES_ERROR;
				CLANG_WARN_RANGE_LOOP_ANALYSIS = YES;
				CLANG_WARN_STRICT_PROTOTYPES = YES;
				CLANG_WARN_SUSPICIOUS_MOVE = YES;
				CLANG_WARN_UNGUARDED_AVAILABILITY = YES_AGGRESSIVE;
				CLANG_WARN_UNREACHABLE_CODE = YES;
				CLANG_WARN__DUPLICATE_METHOD_MATCH = YES;
				CODE_SIGN_IDENTITY = "iPhone Developer";
				COPY_PHASE_STRIP = NO;
				DEBUG_INFORMATION_FORMAT = dwarf;
				ENABLE_STRICT_OBJC_MSGSEND = YES;
				ENABLE_TESTABILITY = YES;
				GCC_C_LANGUAGE_STANDARD = gnu11;
				GCC_DYNAMIC_NO_PIC = NO;
				GCC_NO_COMMON_BLOCKS = YES;
				GCC_OPTIMIZATION_LEVEL = 0;
				GCC_PREPROCESSOR_DEFINITIONS = (
					"DEBUG=1",
					"$(inherited)",
				);
				GCC_WARN_64_TO_32_BIT_CONVERSION = YES;
				GCC_WARN_ABOUT_RETURN_TYPE = YES_ERROR;
				GCC_WARN_UNDECLARED_SELECTOR = YES;
				GCC_WARN_UNINITIALIZED_AUTOS = YES_AGGRESSIVE;
				GCC_WARN_UNUSED_FUNCTION = YES;
				GCC_WARN_UNUSED_VARIABLE = YES;
				IPHONEOS_DEPLOYMENT_TARGET = 8.0;
				MTL_ENABLE_DEBUG_INFO = INCLUDE_SOURCE;
				MTL_FAST_MATH = YES;
				ONLY_ACTIVE_ARCH = YES;
				SDKROOT = iphoneos;
			};
			name = Debug;
		};
		9BC2AF2E21C7709C00A13946 /* Release */ = {
			isa = XCBuildConfiguration;
			buildSettings = {
				ALWAYS_SEARCH_USER_PATHS = NO;
				CLANG_ANALYZER_NONNULL = YES;
				CLANG_ANALYZER_NUMBER_OBJECT_CONVERSION = YES_AGGRESSIVE;
				CLANG_CXX_LANGUAGE_STANDARD = "gnu++14";
				CLANG_CXX_LIBRARY = "libc++";
				CLANG_ENABLE_MODULES = YES;
				CLANG_ENABLE_OBJC_ARC = YES;
				CLANG_ENABLE_OBJC_WEAK = YES;
				CLANG_WARN_BLOCK_CAPTURE_AUTORELEASING = YES;
				CLANG_WARN_BOOL_CONVERSION = YES;
				CLANG_WARN_COMMA = YES;
				CLANG_WARN_CONSTANT_CONVERSION = YES;
				CLANG_WARN_DEPRECATED_OBJC_IMPLEMENTATIONS = YES;
				CLANG_WARN_DIRECT_OBJC_ISA_USAGE = YES_ERROR;
				CLANG_WARN_DOCUMENTATION_COMMENTS = YES;
				CLANG_WARN_EMPTY_BODY = YES;
				CLANG_WARN_ENUM_CONVERSION = YES;
				CLANG_WARN_INFINITE_RECURSION = YES;
				CLANG_WARN_INT_CONVERSION = YES;
				CLANG_WARN_NON_LITERAL_NULL_CONVERSION = YES;
				CLANG_WARN_OBJC_IMPLICIT_RETAIN_SELF = YES;
				CLANG_WARN_OBJC_LITERAL_CONVERSION = YES;
				CLANG_WARN_OBJC_ROOT_CLASS = YES_ERROR;
				CLANG_WARN_RANGE_LOOP_ANALYSIS = YES;
				CLANG_WARN_STRICT_PROTOTYPES = YES;
				CLANG_WARN_SUSPICIOUS_MOVE = YES;
				CLANG_WARN_UNGUARDED_AVAILABILITY = YES_AGGRESSIVE;
				CLANG_WARN_UNREACHABLE_CODE = YES;
				CLANG_WARN__DUPLICATE_METHOD_MATCH = YES;
				CODE_SIGN_IDENTITY = "iPhone Developer";
				COPY_PHASE_STRIP = NO;
				DEBUG_INFORMATION_FORMAT = "dwarf-with-dsym";
				ENABLE_NS_ASSERTIONS = NO;
				ENABLE_STRICT_OBJC_MSGSEND = YES;
				GCC_C_LANGUAGE_STANDARD = gnu11;
				GCC_NO_COMMON_BLOCKS = YES;
				GCC_WARN_64_TO_32_BIT_CONVERSION = YES;
				GCC_WARN_ABOUT_RETURN_TYPE = YES_ERROR;
				GCC_WARN_UNDECLARED_SELECTOR = YES;
				GCC_WARN_UNINITIALIZED_AUTOS = YES_AGGRESSIVE;
				GCC_WARN_UNUSED_FUNCTION = YES;
				GCC_WARN_UNUSED_VARIABLE = YES;
				IPHONEOS_DEPLOYMENT_TARGET = 8.0;
				MTL_ENABLE_DEBUG_INFO = NO;
				MTL_FAST_MATH = YES;
				SDKROOT = iphoneos;
				VALIDATE_PRODUCT = YES;
			};
			name = Release;
		};
		9BC2AF3021C7709C00A13946 /* Debug */ = {
			isa = XCBuildConfiguration;
			baseConfigurationReference = 93DBA8C3A869A4966585A2F8 /* Pods-XZDataBase.debug.xcconfig */;
			buildSettings = {
				ASSETCATALOG_COMPILER_APPICON_NAME = AppIcon;
				CODE_SIGN_STYLE = Automatic;
				DEVELOPMENT_TEAM = D225N2EYEE;
				INFOPLIST_FILE = XZDataBase/Info.plist;
				LD_RUNPATH_SEARCH_PATHS = (
					"$(inherited)",
					"@executable_path/Frameworks",
				);
				PRODUCT_BUNDLE_IDENTIFIER = luckincoffee.XZDataBase;
				PRODUCT_NAME = "$(TARGET_NAME)";
				TARGETED_DEVICE_FAMILY = "1,2";
			};
			name = Debug;
		};
		9BC2AF3121C7709C00A13946 /* Release */ = {
			isa = XCBuildConfiguration;
			baseConfigurationReference = C40C5DF12E012DC23A6ED402 /* Pods-XZDataBase.release.xcconfig */;
			buildSettings = {
				ASSETCATALOG_COMPILER_APPICON_NAME = AppIcon;
				CODE_SIGN_STYLE = Automatic;
				DEVELOPMENT_TEAM = D225N2EYEE;
				INFOPLIST_FILE = XZDataBase/Info.plist;
				LD_RUNPATH_SEARCH_PATHS = (
					"$(inherited)",
					"@executable_path/Frameworks",
				);
				PRODUCT_BUNDLE_IDENTIFIER = luckincoffee.XZDataBase;
				PRODUCT_NAME = "$(TARGET_NAME)";
				TARGETED_DEVICE_FAMILY = "1,2";
			};
			name = Release;
		};
/* End XCBuildConfiguration section */

/* Begin XCConfigurationList section */
		9BC2AF1421C7709900A13946 /* Build configuration list for PBXProject "XZDataBase" */ = {
			isa = XCConfigurationList;
			buildConfigurations = (
				9BC2AF2D21C7709C00A13946 /* Debug */,
				9BC2AF2E21C7709C00A13946 /* Release */,
			);
			defaultConfigurationIsVisible = 0;
			defaultConfigurationName = Release;
		};
		9BC2AF2F21C7709C00A13946 /* Build configuration list for PBXNativeTarget "XZDataBase" */ = {
			isa = XCConfigurationList;
			buildConfigurations = (
				9BC2AF3021C7709C00A13946 /* Debug */,
				9BC2AF3121C7709C00A13946 /* Release */,
			);
			defaultConfigurationIsVisible = 0;
			defaultConfigurationName = Release;
		};
/* End XCConfigurationList section */
	};
	rootObject = 9BC2AF1121C7709900A13946 /* Project object */;
}
